
Microsoft Visual Studio Solution File, Format Version 12.00
# Visual Studio 2012
Project("{FAE04EC0-301F-11D3-BF4B-00C04F79EFBC}") = "SportsData", "NhlStats\SportsData.csproj", "{BC330909-A442-4B9D-AFC1-1EFA610E962A}"
EndProject
Project("{FAE04EC0-301F-11D3-BF4B-00C04F79EFBC}") = "SportsDataQuery", "NhlStatsQuery\SportsDataQuery.csproj", "{BDB38E09-D95E-442C-BCDA-8C4986A3BB14}"
EndProject
Project("{FAE04EC0-301F-11D3-BF4B-00C04F79EFBC}") = "SportsDataTests", "SportsDataTests\SportsDataTests.csproj", "{F3A756D9-A598-423F-A304-02FCBBD88ECB}"
EndProject
Global
	GlobalSection(SolutionConfigurationPlatforms) = preSolution
		Debug|Any CPU = Debug|Any CPU
		Release|Any CPU = Release|Any CPU
	EndGlobalSection
	GlobalSection(ProjectConfigurationPlatforms) = postSolution
		{BC330909-A442-4B9D-AFC1-1EFA610E962A}.Debug|Any CPU.ActiveCfg = Debug|Any CPU
		{BC330909-A442-4B9D-AFC1-1EFA610E962A}.Debug|Any CPU.Build.0 = Debug|Any CPU
		{BC330909-A442-4B9D-AFC1-1EFA610E962A}.Release|Any CPU.ActiveCfg = Release|Any CPU
		{BC330909-A442-4B9D-AFC1-1EFA610E962A}.Release|Any CPU.Build.0 = Release|Any CPU
		{BDB38E09-D95E-442C-BCDA-8C4986A3BB14}.Debug|Any CPU.ActiveCfg = Debug|Any CPU
		{BDB38E09-D95E-442C-BCDA-8C4986A3BB14}.Debug|Any CPU.Build.0 = Debug|Any CPU
		{BDB38E09-D95E-442C-BCDA-8C4986A3BB14}.Release|Any CPU.ActiveCfg = Release|Any CPU
		{BDB38E09-D95E-442C-BCDA-8C4986A3BB14}.Release|Any CPU.Build.0 = Release|Any CPU
		{F3A756D9-A598-423F-A304-02FCBBD88ECB}.Debug|Any CPU.ActiveCfg = Debug|Any CPU
		{F3A756D9-A598-423F-A304-02FCBBD88ECB}.Debug|Any CPU.Build.0 = Debug|Any CPU
		{F3A756D9-A598-423F-A304-02FCBBD88ECB}.Release|Any CPU.ActiveCfg = Release|Any CPU
		{F3A756D9-A598-423F-A304-02FCBBD88ECB}.Release|Any CPU.Build.0 = Release|Any CPU
	EndGlobalSection
	GlobalSection(SolutionProperties) = preSolution
		HideSolutionNode = FALSE
	EndGlobalSection
EndGlobal
